{
  "name": "openfeature-multiprovider-esm-test",
  "version": "1.0.0",
  "lockfileVersion": 3,
  "requires": true,
  "packages": {
    "": {
      "name": "openfeature-multiprovider-esm-test",
      "version": "1.0.0",
      "license": "ISC",
      "dependencies": {
        "@openfeature/core": "1.9.1",
        "@openfeature/server-sdk": "1.20.0"
      }
    },
    "node_modules/@openfeature/core": {
      "version": "1.9.1",
      "resolved": "https://registry.npmjs.org/@openfeature/core/-/core-1.9.1.tgz",
      "integrity": "sha512-YySPtH4s/rKKnHRU0xyFGrqMU8XA+OIPNWDrlEFxE6DCVWCIrxE5YpiB94YD2jMFn6SSdA0cwQ8vLkCkl8lm8A==",
      "license": "Apache-2.0"
    },
    "node_modules/@openfeature/server-sdk": {
      "version": "1.20.0",
      "resolved": "https://registry.npmjs.org/@openfeature/server-sdk/-/server-sdk-1.20.0.tgz",
      "integrity": "sha512-95L9CCaGVKC6+7rNCmDxjthFvUyPLOUkoYyjg9Y/Cmy0G9D63xrJBsmH6fqHtLifzAu4+E7fWAZ3TIBnnCtr7A==",
      "license": "Apache-2.0",
      "engines": {
        "node": ">=20"
      },
      "peerDependencies": {
        "@openfeature/core": "^1.9.0"
      }
    }
  }
}
